{
  "name": "idea-mealkit",
  "version": "0.1.0",
  "lockfileVersion": 3,
  "requires": true,
  "packages": {
    "": {
      "name": "idea-mealkit",
      "version": "0.1.0",
      "dependencies": {
        "@react-three/drei": "10.7.7",
        "@react-three/fiber": "9.5.0",
        "framer-motion": "12.25.0",
        "lucide-react": "0.562.0",
        "react": "19.2.3",
        "react-dom": "19.2.3",
        "three": "0.182.0",
        "vite": "6.4.1",
        "@vitejs/plugin-react": "4.7.0",
        "typescript": "5.9.3"
      },
      "devDependencies": {
        "@types/node": "22.19.3",
        "@types/react": "19.2.7",
        "@types/react-dom": "19.2.3"
      }
    },
    "node_modules/vite": {
      "version": "6.4.1",
      "resolved": "https://registry.npmjs.org/vite/-/vite-6.4.1.tgz",
      "bin": {
        "vite": "bin/vite.js"
      }
    },
    "node_modules/typescript": {
      "version": "5.9.3",
      "resolved": "https://registry.npmjs.org/typescript/-/typescript-5.9.3.tgz",
      "bin": {
        "tsc": "bin/tsc",
        "tsserver": "bin/tsserver"
      }
    },
    "node_modules/@react-three/drei": { "version": "10.7.7" },
    "node_modules/@react-three/fiber": { "version": "9.5.0" },
    "node_modules/framer-motion": { "version": "12.25.0" },
    "node_modules/lucide-react": { "version": "0.562.0" },
    "node_modules/react": { "version": "19.2.3" },
    "node_modules/react-dom": { "version": "19.2.3" },
    "node_modules/three": { "version": "0.182.0" },
    "node_modules/@vitejs/plugin-react": { "version": "4.7.0" },
    "node_modules/@types/node": { "version": "22.19.3" },
    "node_modules/@types/react": { "version": "19.2.7" },
    "node_modules/@types/react-dom": { "version": "19.2.3" }
  }
}